
Microsoft Visual Studio Solution File, Format Version 12.00
# Visual Studio Version 17
VisualStudioVersion = 17.9.34723.18
MinimumVisualStudioVersion = 10.0.40219.1
Project("{FAE04EC0-301F-11D3-BF4B-00C04F79EFBC}") = "LeetCodeSolution", "LeetCodeSolution.csproj", "{31070B03-9439-461A-8578-FD99180E271F}"
EndProject
Global
	GlobalSection(SolutionConfigurationPlatforms) = preSolution
		Debug|Any CPU = Debug|Any CPU
		Release|Any CPU = Release|Any CPU
	EndGlobalSection
	GlobalSection(ProjectConfigurationPlatforms) = postSolution
		{31070B03-9439-461A-8578-FD99180E271F}.Debug|Any CPU.ActiveCfg = Debug|Any CPU
		{31070B03-9439-461A-8578-FD99180E271F}.Debug|Any CPU.Build.0 = Debug|Any CPU
		{31070B03-9439-461A-8578-FD99180E271F}.Release|Any CPU.ActiveCfg = Release|Any CPU
		{31070B03-9439-461A-8578-FD99180E271F}.Release|Any CPU.Build.0 = Release|Any CPU
	EndGlobalSection
	GlobalSection(SolutionProperties) = preSolution
		HideSolutionNode = FALSE
	EndGlobalSection
	GlobalSection(ExtensibilityGlobals) = postSolution
		SolutionGuid = {283DA4E0-AB98-46EA-9FEB-09E3B35ECE43}
	EndGlobalSection
EndGlobal
